
Microsoft Visual Studio Solution File, Format Version 12.00
# Visual Studio Version 16
VisualStudioVersion = 16.0.29613.14
MinimumVisualStudioVersion = 10.0.40219.1
Project("{8BC9CEB8-8B4A-11D0-8D11-00A0C91BC942}") = "DataStructuresAlgorithms", "DataStructuresAlgorithms.vcxproj", "{6B85D47C-ADC6-48C8-B7F2-DB0C6DC2C477}"
EndProject
Project("{8BC9CEB8-8B4A-11D0-8D11-00A0C91BC942}") = "DiveIntoDesignPatterns", "..\DiveIntoDesignPatterns\DiveIntoDesignPatterns.vcxproj", "{C88CE344-4665-4AE5-9B20-ED3BE9DA54C6}"
EndProject
Global
	GlobalSection(SolutionConfigurationPlatforms) = preSolution
		Debug|x64 = Debug|x64
		Debug|x86 = Debug|x86
		Release|x64 = Release|x64
		Release|x86 = Release|x86
	EndGlobalSection
	GlobalSection(ProjectConfigurationPlatforms) = postSolution
		{6B85D47C-ADC6-48C8-B7F2-DB0C6DC2C477}.Debug|x64.ActiveCfg = Debug|x64
		{6B85D47C-ADC6-48C8-B7F2-DB0C6DC2C477}.Debug|x64.Build.0 = Debug|x64
		{6B85D47C-ADC6-48C8-B7F2-DB0C6DC2C477}.Debug|x86.ActiveCfg = Debug|Win32
		{6B85D47C-ADC6-48C8-B7F2-DB0C6DC2C477}.Debug|x86.Build.0 = Debug|Win32
		{6B85D47C-ADC6-48C8-B7F2-DB0C6DC2C477}.Release|x64.ActiveCfg = Release|x64
		{6B85D47C-ADC6-48C8-B7F2-DB0C6DC2C477}.Release|x64.Build.0 = Release|x64
		{6B85D47C-ADC6-48C8-B7F2-DB0C6DC2C477}.Release|x86.ActiveCfg = Release|Win32
		{6B85D47C-ADC6-48C8-B7F2-DB0C6DC2C477}.Release|x86.Build.0 = Release|Win32
		{C88CE344-4665-4AE5-9B20-ED3BE9DA54C6}.Debug|x64.ActiveCfg = Debug|x64
		{C88CE344-4665-4AE5-9B20-ED3BE9DA54C6}.Debug|x64.Build.0 = Debug|x64
		{C88CE344-4665-4AE5-9B20-ED3BE9DA54C6}.Debug|x86.ActiveCfg = Debug|Win32
		{C88CE344-4665-4AE5-9B20-ED3BE9DA54C6}.Debug|x86.Build.0 = Debug|Win32
		{C88CE344-4665-4AE5-9B20-ED3BE9DA54C6}.Release|x64.ActiveCfg = Release|x64
		{C88CE344-4665-4AE5-9B20-ED3BE9DA54C6}.Release|x64.Build.0 = Release|x64
		{C88CE344-4665-4AE5-9B20-ED3BE9DA54C6}.Release|x86.ActiveCfg = Release|Win32
		{C88CE344-4665-4AE5-9B20-ED3BE9DA54C6}.Release|x86.Build.0 = Release|Win32
	EndGlobalSection
	GlobalSection(SolutionProperties) = preSolution
		HideSolutionNode = FALSE
	EndGlobalSection
	GlobalSection(ExtensibilityGlobals) = postSolution
		SolutionGuid = {0898672E-4E74-400C-B472-F697C8F4499E}
	EndGlobalSection
EndGlobal
