<?xml version="1.0" encoding="utf-8"?>
<Project ToolsVersion="4.0" xmlns="http://schemas.microsoft.com/developer/msbuild/2003">
  <ItemGroup>
    <Filter Include="uml">
      <UniqueIdentifier>{8b4f8c9d-58f7-4cbc-a8ed-63fc2469acfa}</UniqueIdentifier>
    </Filter>
    <Filter Include="todo">
      <UniqueIdentifier>{4d774994-5e72-46f5-b390-51d006b5c998}</UniqueIdentifier>
    </Filter>
    <Filter Include="structural">
      <UniqueIdentifier>{b7c5eaa0-10f7-4a74-8926-53dec7320ce6}</UniqueIdentifier>
    </Filter>
    <Filter Include="creational">
      <UniqueIdentifier>{2957536b-1fb0-4184-b399-323be2c2475b}</UniqueIdentifier>
    </Filter>
    <Filter Include="creational\FactoryMethod">
      <UniqueIdentifier>{7d93b614-2c10-4b02-85a6-f20c3428e943}</UniqueIdentifier>
    </Filter>
    <Filter Include="creational\AbstractFactory">
      <UniqueIdentifier>{f13c5213-41bd-48e3-a9c4-8310b41eb40d}</UniqueIdentifier>
    </Filter>
    <Filter Include="behavioral">
      <UniqueIdentifier>{7ade287b-4f7f-4fd3-9f84-f47231ed92c2}</UniqueIdentifier>
    </Filter>
    <Filter Include="creational\Builder">
      <UniqueIdentifier>{8c3de695-b556-4889-bd23-45bb8b0f89c9}</UniqueIdentifier>
    </Filter>
    <Filter Include="creational\Prototype">
      <UniqueIdentifier>{ead156ce-b526-4323-a24a-c7c83d9b4113}</UniqueIdentifier>
    </Filter>
  </ItemGroup>
  <ItemGroup>
    <Text Include="README.md" />
    <Text Include="uml\README.md">
      <Filter>uml</Filter>
    </Text>
    <Text Include="todo\todo.txt">
      <Filter>todo</Filter>
    </Text>
  </ItemGroup>
  <ItemGroup>
    <ClCompile Include="todo\page015_protected.cpp">
      <Filter>todo</Filter>
    </ClCompile>
    <ClCompile Include="creational\FactoryMethod\main.cpp">
      <Filter>creational\FactoryMethod</Filter>
    </ClCompile>
    <ClCompile Include="creational\FactoryMethod\page074.cpp">
      <Filter>creational\FactoryMethod</Filter>
    </ClCompile>
    <ClCompile Include="todo\page074_1_polymorphic.cpp">
      <Filter>todo</Filter>
    </ClCompile>
    <ClCompile Include="todo\page074_2_abstractclass.cpp">
      <Filter>todo</Filter>
    </ClCompile>
    <ClCompile Include="todo\page074_3_inherit_ways.cpp">
      <Filter>todo</Filter>
    </ClCompile>
    <ClCompile Include="creational\AbstractFactory\sourcemaking.cpp">
      <Filter>creational\AbstractFactory</Filter>
    </ClCompile>
    <ClCompile Include="todo\page109_return_difftype.cpp">
      <Filter>todo</Filter>
    </ClCompile>
    <ClCompile Include="todo\page121_access_privatet.cpp">
      <Filter>todo</Filter>
    </ClCompile>
    <ClCompile Include="creational\Prototype\sourcemaking.cpp">
      <Filter>creational\Prototype</Filter>
    </ClCompile>
  </ItemGroup>
  <ItemGroup>
    <None Include="uml\page008_class.plantuml">
      <Filter>uml</Filter>
    </None>
    <None Include="uml\page011_inherit.plantuml">
      <Filter>uml</Filter>
    </None>
    <None Include="uml\page016_interface.plantuml">
      <Filter>uml</Filter>
    </None>
    <None Include="uml\page018_abstract_class.plantuml">
      <Filter>uml</Filter>
    </None>
    <None Include="uml\page020_dependency.plantuml">
      <Filter>uml</Filter>
    </None>
    <None Include="creational\README.md">
      <Filter>creational</Filter>
    </None>
    <None Include="uml\page021_association_1.plantuml">
      <Filter>uml</Filter>
    </None>
    <None Include="uml\page021_association_2.plantuml">
      <Filter>uml</Filter>
    </None>
    <None Include="uml\page021_association_3.plantuml">
      <Filter>uml</Filter>
    </None>
    <None Include="uml\page021_association_4.plantuml">
      <Filter>uml</Filter>
    </None>
    <None Include="uml\page021_association_5.plantuml">
      <Filter>uml</Filter>
    </None>
    <None Include="uml\page022_aggregate_1.plantuml">
      <Filter>uml</Filter>
    </None>
    <None Include="uml\page022_aggregate_2.plantuml">
      <Filter>uml</Filter>
    </None>
    <None Include="uml\page023_composition.plantuml">
      <Filter>uml</Filter>
    </None>
    <None Include="uml\page023_relationship.plantuml">
      <Filter>uml</Filter>
    </None>
    <None Include="creational\FactoryMethod\page074.plantuml">
      <Filter>creational\FactoryMethod</Filter>
    </None>
    <None Include="creational\FactoryMethod\page074.py">
      <Filter>creational\FactoryMethod</Filter>
    </None>
    <None Include="creational\FactoryMethod\main.plantuml">
      <Filter>creational\FactoryMethod</Filter>
    </None>
    <None Include="creational\FactoryMethod\main.py">
      <Filter>creational\FactoryMethod</Filter>
    </None>
    <None Include="creational\AbstractFactory\sourcemaking.py">
      <Filter>creational\AbstractFactory</Filter>
    </None>
    <None Include="creational\AbstractFactory\sourcemaking.plantuml">
      <Filter>creational\AbstractFactory</Filter>
    </None>
    <None Include="creational\Builder\python-patterns.py">
      <Filter>creational\Builder</Filter>
    </None>
    <None Include="creational\Builder\main.plantuml">
      <Filter>creational\Builder</Filter>
    </None>
    <None Include="creational\Prototype\sourcemakeing.py">
      <Filter>creational\Prototype</Filter>
    </None>
  </ItemGroup>
</Project>