<?xml version="1.0" encoding="utf-8"?>
<Project ToolsVersion="4.0" xmlns="http://schemas.microsoft.com/developer/msbuild/2003">
  <ItemGroup>
    <Filter Include="uml">
      <UniqueIdentifier>{8b4f8c9d-58f7-4cbc-a8ed-63fc2469acfa}</UniqueIdentifier>
    </Filter>
    <Filter Include="todo">
      <UniqueIdentifier>{4d774994-5e72-46f5-b390-51d006b5c998}</UniqueIdentifier>
    </Filter>
    <Filter Include="structural">
      <UniqueIdentifier>{b7c5eaa0-10f7-4a74-8926-53dec7320ce6}</UniqueIdentifier>
    </Filter>
    <Filter Include="creational">
      <UniqueIdentifier>{2957536b-1fb0-4184-b399-323be2c2475b}</UniqueIdentifier>
    </Filter>
    <Filter Include="creational\FactoryMethod">
      <UniqueIdentifier>{7d93b614-2c10-4b02-85a6-f20c3428e943}</UniqueIdentifier>
    </Filter>
    <Filter Include="creational\AbstractFactory">
      <UniqueIdentifier>{f13c5213-41bd-48e3-a9c4-8310b41eb40d}</UniqueIdentifier>
    </Filter>
    <Filter Include="behavioral">
      <UniqueIdentifier>{7ade287b-4f7f-4fd3-9f84-f47231ed92c2}</UniqueIdentifier>
    </Filter>
    <Filter Include="creational\Builder">
      <UniqueIdentifier>{8c3de695-b556-4889-bd23-45bb8b0f89c9}</UniqueIdentifier>
    </Filter>
    <Filter Include="creational\Prototype">
      <UniqueIdentifier>{ead156ce-b526-4323-a24a-c7c83d9b4113}</UniqueIdentifier>
    </Filter>
    <Filter Include="creational\Singleton">
      <UniqueIdentifier>{62d092f8-f418-4499-af71-c9194142c264}</UniqueIdentifier>
    </Filter>
    <Filter Include="creational\Pool">
      <UniqueIdentifier>{ddf64447-6754-43dd-ba3c-c2c8516a72bf}</UniqueIdentifier>
    </Filter>
    <Filter Include="creational\LazyEvaluated">
      <UniqueIdentifier>{d1174cda-7c56-4349-ae93-6e21325b6abd}</UniqueIdentifier>
    </Filter>
    <Filter Include="structural\Adapter">
      <UniqueIdentifier>{192ae8e1-11a1-4ffd-8ae4-c0aa82c434c7}</UniqueIdentifier>
    </Filter>
    <Filter Include="structural\Bridge">
      <UniqueIdentifier>{ac1020d3-ca0c-40e2-bbcc-79b7fc45ddb7}</UniqueIdentifier>
    </Filter>
    <Filter Include="structural\Composite">
      <UniqueIdentifier>{b0e61a86-81e1-4a74-a6f8-966293c92a6e}</UniqueIdentifier>
    </Filter>
    <Filter Include="structural\Decorator">
      <UniqueIdentifier>{0533f7b2-874e-4edd-a1c7-5b41dda2ce34}</UniqueIdentifier>
    </Filter>
    <Filter Include="structural\Facade">
      <UniqueIdentifier>{417182c1-8cb4-4fe0-9606-c8f34e2640ee}</UniqueIdentifier>
    </Filter>
    <Filter Include="structural\Flyweight">
      <UniqueIdentifier>{bf3f68fc-a9d0-4ae6-9ad4-b26188170d9c}</UniqueIdentifier>
    </Filter>
    <Filter Include="structural\Proxy">
      <UniqueIdentifier>{d956fcad-a4a7-4782-addd-49661cf14fa6}</UniqueIdentifier>
    </Filter>
    <Filter Include="behavioral\ChainOfResponsibility">
      <UniqueIdentifier>{70f92b38-7b01-41b0-92c6-4a7a690973df}</UniqueIdentifier>
    </Filter>
    <Filter Include="behavioral\Command">
      <UniqueIdentifier>{18e5db28-976f-4b48-9e66-9addbe1d4e2b}</UniqueIdentifier>
    </Filter>
    <Filter Include="behavioral\Iterator">
      <UniqueIdentifier>{7ebb1e45-5e3f-4ca3-bc0c-88367079e871}</UniqueIdentifier>
    </Filter>
  </ItemGroup>
  <ItemGroup>
    <Text Include="README.md" />
    <Text Include="uml\README.md">
      <Filter>uml</Filter>
    </Text>
    <Text Include="todo\todo.txt">
      <Filter>todo</Filter>
    </Text>
  </ItemGroup>
  <ItemGroup>
    <ClCompile Include="todo\page015_protected.cpp">
      <Filter>todo</Filter>
    </ClCompile>
    <ClCompile Include="creational\FactoryMethod\main.cpp">
      <Filter>creational\FactoryMethod</Filter>
    </ClCompile>
    <ClCompile Include="creational\FactoryMethod\page074.cpp">
      <Filter>creational\FactoryMethod</Filter>
    </ClCompile>
    <ClCompile Include="todo\page074_1_polymorphic.cpp">
      <Filter>todo</Filter>
    </ClCompile>
    <ClCompile Include="todo\page074_2_abstractclass.cpp">
      <Filter>todo</Filter>
    </ClCompile>
    <ClCompile Include="todo\page074_3_inherit_ways.cpp">
      <Filter>todo</Filter>
    </ClCompile>
    <ClCompile Include="creational\AbstractFactory\sourcemaking.cpp">
      <Filter>creational\AbstractFactory</Filter>
    </ClCompile>
    <ClCompile Include="todo\page109_return_difftype.cpp">
      <Filter>todo</Filter>
    </ClCompile>
    <ClCompile Include="todo\page121_access_privatet.cpp">
      <Filter>todo</Filter>
    </ClCompile>
    <ClCompile Include="creational\Prototype\sourcemaking.cpp">
      <Filter>creational\Prototype</Filter>
    </ClCompile>
    <ClCompile Include="todo\page136_method_suffix.cpp">
      <Filter>todo</Filter>
    </ClCompile>
    <ClCompile Include="creational\Singleton\main.cpp">
      <Filter>creational\Singleton</Filter>
    </ClCompile>
    <ClCompile Include="creational\Pool\main.cpp">
      <Filter>creational\Pool</Filter>
    </ClCompile>
    <ClCompile Include="creational\LazyEvaluated\lazy_evaluation.cpp">
      <Filter>creational\LazyEvaluated</Filter>
    </ClCompile>
    <ClCompile Include="structural\Adapter\page147.cpp">
      <Filter>structural\Adapter</Filter>
    </ClCompile>
    <ClCompile Include="structural\Composite\page173.cpp">
      <Filter>structural\Composite</Filter>
    </ClCompile>
    <ClCompile Include="structural\Decorator\page189.cpp">
      <Filter>structural\Decorator</Filter>
    </ClCompile>
    <ClCompile Include="structural\Facade\python-pattern.cpp">
      <Filter>structural\Facade</Filter>
    </ClCompile>
    <ClCompile Include="structural\Flyweight\sourcemakeing.cpp">
      <Filter>structural\Flyweight</Filter>
    </ClCompile>
    <ClCompile Include="todo\page207_pass_pointer_by_value.cpp">
      <Filter>todo</Filter>
    </ClCompile>
    <ClCompile Include="structural\Proxy\python-patterns.cpp">
      <Filter>structural\Proxy</Filter>
    </ClCompile>
    <ClCompile Include="todo\page10001_override.cpp">
      <Filter>todo</Filter>
    </ClCompile>
    <ClCompile Include="todo\page10002_weakref_vs_reference_wrapper.cpp">
      <Filter>todo</Filter>
    </ClCompile>
    <ClCompile Include="todo\page10003_cmdline_paras_constexpr.cpp">
      <Filter>todo</Filter>
    </ClCompile>
    <ClCompile Include="todo\page10004_CRTP_equal_lazy_evaluation.cpp">
      <Filter>todo</Filter>
    </ClCompile>
    <ClCompile Include="todo\page10005_sharedptr_dynamic_cast.cpp">
      <Filter>todo</Filter>
    </ClCompile>
    <ClCompile Include="behavioral\ChainOfResponsibility\page242.cpp">
      <Filter>behavioral\ChainOfResponsibility</Filter>
    </ClCompile>
    <ClCompile Include="behavioral\Command\page262.cpp">
      <Filter>behavioral\Command</Filter>
    </ClCompile>
    <ClCompile Include="behavioral\Iterator\page278.cpp">
      <Filter>behavioral\Iterator</Filter>
    </ClCompile>
  </ItemGroup>
  <ItemGroup>
    <None Include="uml\page008_class.plantuml">
      <Filter>uml</Filter>
    </None>
    <None Include="uml\page011_inherit.plantuml">
      <Filter>uml</Filter>
    </None>
    <None Include="uml\page016_interface.plantuml">
      <Filter>uml</Filter>
    </None>
    <None Include="uml\page018_abstract_class.plantuml">
      <Filter>uml</Filter>
    </None>
    <None Include="uml\page020_dependency.plantuml">
      <Filter>uml</Filter>
    </None>
    <None Include="creational\README.md">
      <Filter>creational</Filter>
    </None>
    <None Include="uml\page021_association_1.plantuml">
      <Filter>uml</Filter>
    </None>
    <None Include="uml\page021_association_2.plantuml">
      <Filter>uml</Filter>
    </None>
    <None Include="uml\page021_association_3.plantuml">
      <Filter>uml</Filter>
    </None>
    <None Include="uml\page021_association_4.plantuml">
      <Filter>uml</Filter>
    </None>
    <None Include="uml\page021_association_5.plantuml">
      <Filter>uml</Filter>
    </None>
    <None Include="uml\page022_aggregate_1.plantuml">
      <Filter>uml</Filter>
    </None>
    <None Include="uml\page022_aggregate_2.plantuml">
      <Filter>uml</Filter>
    </None>
    <None Include="uml\page023_composition.plantuml">
      <Filter>uml</Filter>
    </None>
    <None Include="uml\page023_relationship.plantuml">
      <Filter>uml</Filter>
    </None>
    <None Include="creational\FactoryMethod\page074.plantuml">
      <Filter>creational\FactoryMethod</Filter>
    </None>
    <None Include="creational\FactoryMethod\page074.py">
      <Filter>creational\FactoryMethod</Filter>
    </None>
    <None Include="creational\FactoryMethod\main.plantuml">
      <Filter>creational\FactoryMethod</Filter>
    </None>
    <None Include="creational\FactoryMethod\main.py">
      <Filter>creational\FactoryMethod</Filter>
    </None>
    <None Include="creational\AbstractFactory\sourcemaking.py">
      <Filter>creational\AbstractFactory</Filter>
    </None>
    <None Include="creational\AbstractFactory\sourcemaking.plantuml">
      <Filter>creational\AbstractFactory</Filter>
    </None>
    <None Include="creational\Builder\python-patterns.py">
      <Filter>creational\Builder</Filter>
    </None>
    <None Include="creational\Builder\main.plantuml">
      <Filter>creational\Builder</Filter>
    </None>
    <None Include="creational\Prototype\sourcemakeing.py">
      <Filter>creational\Prototype</Filter>
    </None>
    <None Include="creational\Singleton\main.py">
      <Filter>creational\Singleton</Filter>
    </None>
    <None Include="creational\Pool\main.py">
      <Filter>creational\Pool</Filter>
    </None>
    <None Include="creational\Pool\python-patterns.py">
      <Filter>creational\Pool</Filter>
    </None>
    <None Include="todo\page139_decorator.py">
      <Filter>todo</Filter>
    </None>
    <None Include="creational\LazyEvaluated\lazy_evaluation.py">
      <Filter>creational\LazyEvaluated</Filter>
    </None>
    <None Include="structural\Adapter\page147.plantuml">
      <Filter>structural\Adapter</Filter>
    </None>
    <None Include="structural\Adapter\python-patterns.py">
      <Filter>structural\Adapter</Filter>
    </None>
    <None Include="structural\README.md">
      <Filter>structural</Filter>
    </None>
    <None Include="structural\Bridge\page161.plantuml">
      <Filter>structural\Bridge</Filter>
    </None>
    <None Include="structural\Composite\page173.plantuml">
      <Filter>structural\Composite</Filter>
    </None>
    <None Include="structural\Composite\python-patterns.py">
      <Filter>structural\Composite</Filter>
    </None>
    <None Include="structural\Decorator\page189.plantuml">
      <Filter>structural\Decorator</Filter>
    </None>
    <None Include="structural\Decorator\pythonic.py">
      <Filter>structural\Decorator</Filter>
    </None>
    <None Include="structural\Facade\python-pattern.plantuml">
      <Filter>structural\Facade</Filter>
    </None>
    <None Include="structural\Facade\python-pattern.py">
      <Filter>structural\Facade</Filter>
    </None>
    <None Include="structural\Flyweight\python-patterns.py">
      <Filter>structural\Flyweight</Filter>
    </None>
    <None Include="structural\Proxy\page222.plantuml">
      <Filter>structural\Proxy</Filter>
    </None>
    <None Include="structural\Proxy\python-patterns.py">
      <Filter>structural\Proxy</Filter>
    </None>
    <None Include="behavioral\README.md">
      <Filter>behavioral</Filter>
    </None>
    <None Include="behavioral\ChainOfResponsibility\page242.plantuml">
      <Filter>behavioral\ChainOfResponsibility</Filter>
    </None>
    <None Include="behavioral\ChainOfResponsibility\python-pattern.py">
      <Filter>behavioral\ChainOfResponsibility</Filter>
    </None>
    <None Include="behavioral\ChainOfResponsibility\wikipedia.py">
      <Filter>behavioral\ChainOfResponsibility</Filter>
    </None>
    <None Include="creational\FactoryMethod\README.md">
      <Filter>creational\FactoryMethod</Filter>
    </None>
    <None Include="creational\AbstractFactory\README.md">
      <Filter>creational\AbstractFactory</Filter>
    </None>
    <None Include="creational\Builder\README.md">
      <Filter>creational\Builder</Filter>
    </None>
    <None Include="creational\Prototype\README.md">
      <Filter>creational\Prototype</Filter>
    </None>
    <None Include="creational\Singleton\README.md">
      <Filter>creational\Singleton</Filter>
    </None>
    <None Include="creational\Singleton\page135.plantuml">
      <Filter>creational\Singleton</Filter>
    </None>
    <None Include="creational\Prototype\page123.plantuml">
      <Filter>creational\Prototype</Filter>
    </None>
  </ItemGroup>
  <ItemGroup>
    <ClInclude Include="creational\Pool\mysql_connector.h">
      <Filter>creational\Pool</Filter>
    </ClInclude>
    <ClInclude Include="creational\Pool\mysql_pool.h">
      <Filter>creational\Pool</Filter>
    </ClInclude>
    <ClInclude Include="todo\page139_metaclass_vs_decorator.py">
      <Filter>todo</Filter>
    </ClInclude>
  </ItemGroup>
</Project>