<?xml version="1.0" encoding="utf-8"?>
<Project ToolsVersion="4.0" xmlns="http://schemas.microsoft.com/developer/msbuild/2003">
  <ItemGroup>
    <Filter Include="uml">
      <UniqueIdentifier>{8b4f8c9d-58f7-4cbc-a8ed-63fc2469acfa}</UniqueIdentifier>
    </Filter>
    <Filter Include="page">
      <UniqueIdentifier>{4FC737F1-C7A5-4376-A066-2A32D752A2FF}</UniqueIdentifier>
      <Extensions>cpp;c;cc;cxx;def;odl;idl;hpj;bat;asm;asmx</Extensions>
    </Filter>
    <Filter Include="confirm">
      <UniqueIdentifier>{4d774994-5e72-46f5-b390-51d006b5c998}</UniqueIdentifier>
    </Filter>
  </ItemGroup>
  <ItemGroup>
    <Text Include="README.txt" />
    <Text Include="page\006.txt">
      <Filter>page</Filter>
    </Text>
    <Text Include="page\008.txt">
      <Filter>page</Filter>
    </Text>
    <Text Include="uml\README.txt">
      <Filter>uml</Filter>
    </Text>
    <Text Include="todo.txt" />
    <Text Include="page\013-019.txt">
      <Filter>page</Filter>
    </Text>
    <Text Include="page\020-025.txt">
      <Filter>page</Filter>
    </Text>
    <Text Include="page\037.txt">
      <Filter>page</Filter>
    </Text>
  </ItemGroup>
  <ItemGroup>
    <ClCompile Include="main.cpp" />
  </ItemGroup>
  <ItemGroup>
    <None Include="uml\008.plantuml">
      <Filter>uml</Filter>
    </None>
    <None Include="uml\011.plantuml">
      <Filter>uml</Filter>
    </None>
    <None Include="uml\012.plantuml">
      <Filter>uml</Filter>
    </None>
    <None Include="uml\014.plantuml">
      <Filter>uml</Filter>
    </None>
    <None Include="uml\016.plantuml">
      <Filter>uml</Filter>
    </None>
    <None Include="uml\017.plantuml">
      <Filter>uml</Filter>
    </None>
    <None Include="uml\018.plantuml">
      <Filter>uml</Filter>
    </None>
    <None Include="uml\020.plantuml">
      <Filter>uml</Filter>
    </None>
    <None Include="uml\021.plantuml">
      <Filter>uml</Filter>
    </None>
    <None Include="uml\022.plantuml">
      <Filter>uml</Filter>
    </None>
    <None Include="uml\023.plantuml">
      <Filter>uml</Filter>
    </None>
  </ItemGroup>
</Project>